// !$*UTF8*$!
{
	archiveVersion = 1;
	classes = {
	};
	objectVersion = 56;
	objects = {

/* Begin PBXBuildFile section */
		0B28DC382A5B312A00DB04FD /* MovieTableViewCell.swift in Sources */ = {isa = PBXBuildFile; fileRef = 0B28DC372A5B312A00DB04FD /* MovieTableViewCell.swift */; };
		0B28DC3A2A5B364F00DB04FD /* Movie.swift in Sources */ = {isa = PBXBuildFile; fileRef = 0B28DC392A5B364F00DB04FD /* Movie.swift */; };
		0BB9AF2E2A59EC5E008173AC /* AppDelegate.swift in Sources */ = {isa = PBXBuildFile; fileRef = 0BB9AF2D2A59EC5E008173AC /* AppDelegate.swift */; };
		0BB9AF302A59EC5E008173AC /* SceneDelegate.swift in Sources */ = {isa = PBXBuildFile; fileRef = 0BB9AF2F2A59EC5E008173AC /* SceneDelegate.swift */; };
		0BB9AF322A59EC5E008173AC /* MovieViewController.swift in Sources */ = {isa = PBXBuildFile; fileRef = 0BB9AF312A59EC5E008173AC /* MovieViewController.swift */; };
		0BB9AF352A59EC5E008173AC /* Main.storyboard in Resources */ = {isa = PBXBuildFile; fileRef = 0BB9AF332A59EC5E008173AC /* Main.storyboard */; };
		0BB9AF372A59EC5F008173AC /* Assets.xcassets in Resources */ = {isa = PBXBuildFile; fileRef = 0BB9AF362A59EC5F008173AC /* Assets.xcassets */; };
		0BB9AF3A2A59EC5F008173AC /* LaunchScreen.storyboard in Resources */ = {isa = PBXBuildFile; fileRef = 0BB9AF382A59EC5F008173AC /* LaunchScreen.storyboard */; };
/* End PBXBuildFile section */

/* Begin PBXFileReference section */
		0B28DC372A5B312A00DB04FD /* MovieTableViewCell.swift */ = {isa = PBXFileReference; lastKnownFileType = sourcecode.swift; path = MovieTableViewCell.swift; sourceTree = "<group>"; };
		0B28DC392A5B364F00DB04FD /* Movie.swift */ = {isa = PBXFileReference; lastKnownFileType = sourcecode.swift; path = Movie.swift; sourceTree = "<group>"; };
		0BB9AF2A2A59EC5E008173AC /* MDEV1001-M2023-ICE7.app */ = {isa = PBXFileReference; explicitFileType = wrapper.application; includeInIndex = 0; path = "MDEV1001-M2023-ICE7.app"; sourceTree = BUILT_PRODUCTS_DIR; };
		0BB9AF2D2A59EC5E008173AC /* AppDelegate.swift */ = {isa = PBXFileReference; lastKnownFileType = sourcecode.swift; path = AppDelegate.swift; sourceTree = "<group>"; };
		0BB9AF2F2A59EC5E008173AC /* SceneDelegate.swift */ = {isa = PBXFileReference; lastKnownFileType = sourcecode.swift; path = SceneDelegate.swift; sourceTree = "<group>"; };
		0BB9AF312A59EC5E008173AC /* MovieViewController.swift */ = {isa = PBXFileReference; lastKnownFileType = sourcecode.swift; path = MovieViewController.swift; sourceTree = "<group>"; };
		0BB9AF342A59EC5E008173AC /* Base */ = {isa = PBXFileReference; lastKnownFileType = file.storyboard; name = Base; path = Base.lproj/Main.storyboard; sourceTree = "<group>"; };
		0BB9AF362A59EC5F008173AC /* Assets.xcassets */ = {isa = PBXFileReference; lastKnownFileType = folder.assetcatalog; path = Assets.xcassets; sourceTree = "<group>"; };
		0BB9AF392A59EC5F008173AC /* Base */ = {isa = PBXFileReference; lastKnownFileType = file.storyboard; name = Base; path = Base.lproj/LaunchScreen.storyboard; sourceTree = "<group>"; };
		0BB9AF3B2A59EC5F008173AC /* Info.plist */ = {isa = PBXFileReference; lastKnownFileType = text.plist.xml; path = Info.plist; sourceTree = "<group>"; };
/* End PBXFileReference section */

/* Begin PBXFrameworksBuildPhase section */
		0BB9AF272A59EC5E008173AC /* Frameworks */ = {
			isa = PBXFrameworksBuildPhase;
			buildActionMask = 2147483647;
			files = (
			);
			runOnlyForDeploymentPostprocessing = 0;
		};
/* End PBXFrameworksBuildPhase section */

/* Begin PBXGroup section */
		0BB9AF212A59EC5E008173AC = {
			isa = PBXGroup;
			children = (
				0BB9AF2C2A59EC5E008173AC /* MDEV1001-M2023-ICE7 */,
				0BB9AF2B2A59EC5E008173AC /* Products */,
			);
			sourceTree = "<group>";
		};
		0BB9AF2B2A59EC5E008173AC /* Products */ = {
			isa = PBXGroup;
			children = (
				0BB9AF2A2A59EC5E008173AC /* MDEV1001-M2023-ICE7.app */,
			);
			name = Products;
			sourceTree = "<group>";
		};
		0BB9AF2C2A59EC5E008173AC /* MDEV1001-M2023-ICE7 */ = {
			isa = PBXGroup;
			children = (
				0BB9AF2D2A59EC5E008173AC /* AppDelegate.swift */,
				0BB9AF2F2A59EC5E008173AC /* SceneDelegate.swift */,
				0BB9AF312A59EC5E008173AC /* MovieViewController.swift */,
				0BB9AF332A59EC5E008173AC /* Main.storyboard */,
				0BB9AF362A59EC5F008173AC /* Assets.xcassets */,
				0BB9AF382A59EC5F008173AC /* LaunchScreen.storyboard */,
				0BB9AF3B2A59EC5F008173AC /* Info.plist */,
				0B28DC372A5B312A00DB04FD /* MovieTableViewCell.swift */,
				0B28DC392A5B364F00DB04FD /* Movie.swift */,
			);
			path = "MDEV1001-M2023-ICE7";
			sourceTree = "<group>";
		};
/* End PBXGroup section */

/* Begin PBXNativeTarget section */
		0BB9AF292A59EC5E008173AC /* MDEV1001-M2023-ICE7 */ = {
			isa = PBXNativeTarget;
			buildConfigurationList = 0BB9AF3E2A59EC5F008173AC /* Build configuration list for PBXNativeTarget "MDEV1001-M2023-ICE7" */;
			buildPhases = (
				0BB9AF262A59EC5E008173AC /* Sources */,
				0BB9AF272A59EC5E008173AC /* Frameworks */,
				0BB9AF282A59EC5E008173AC /* Resources */,
			);
			buildRules = (
			);
			dependencies = (
			);
			name = "MDEV1001-M2023-ICE7";
			productName = "MDEV1001-M2023-ICE7";
			productReference = 0BB9AF2A2A59EC5E008173AC /* MDEV1001-M2023-ICE7.app */;
			productType = "com.apple.product-type.application";
		};
/* End PBXNativeTarget section */

/* Begin PBXProject section */
		0BB9AF222A59EC5E008173AC /* Project object */ = {
			isa = PBXProject;
			attributes = {
				BuildIndependentTargetsInParallel = 1;
				LastSwiftUpdateCheck = 1430;
				LastUpgradeCheck = 1430;
				TargetAttributes = {
					0BB9AF292A59EC5E008173AC = {
						CreatedOnToolsVersion = 14.3;
					};
				};
			};
			buildConfigurationList = 0BB9AF252A59EC5E008173AC /* Build configuration list for PBXProject "MDEV1001-M2023-ICE7" */;
			compatibilityVersion = "Xcode 14.0";
			developmentRegion = en;
			hasScannedForEncodings = 0;
			knownRegions = (
				en,
				Base,
			);
			mainGroup = 0BB9AF212A59EC5E008173AC;
			productRefGroup = 0BB9AF2B2A59EC5E008173AC /* Products */;
			projectDirPath = "";
			projectRoot = "";
			targets = (
				0BB9AF292A59EC5E008173AC /* MDEV1001-M2023-ICE7 */,
			);
		};
/* End PBXProject section */

/* Begin PBXResourcesBuildPhase section */
		0BB9AF282A59EC5E008173AC /* Resources */ = {
			isa = PBXResourcesBuildPhase;
			buildActionMask = 2147483647;
			files = (
				0BB9AF3A2A59EC5F008173AC /* LaunchScreen.storyboard in Resources */,
				0BB9AF372A59EC5F008173AC /* Assets.xcassets in Resources */,
				0BB9AF352A59EC5E008173AC /* Main.storyboard in Resources */,
			);
			runOnlyForDeploymentPostprocessing = 0;
		};
/* End PBXResourcesBuildPhase section */

/* Begin PBXSourcesBuildPhase section */
		0BB9AF262A59EC5E008173AC /* Sources */ = {
			isa = PBXSourcesBuildPhase;
			buildActionMask = 2147483647;
			files = (
				0BB9AF322A59EC5E008173AC /* MovieViewController.swift in Sources */,
				0BB9AF2E2A59EC5E008173AC /* AppDelegate.swift in Sources */,
				0B28DC382A5B312A00DB04FD /* MovieTableViewCell.swift in Sources */,
				0BB9AF302A59EC5E008173AC /* SceneDelegate.swift in Sources */,
				0B28DC3A2A5B364F00DB04FD /* Movie.swift in Sources */,
			);
			runOnlyForDeploymentPostprocessing = 0;
		};
/* End PBXSourcesBuildPhase section */

/* Begin PBXVariantGroup section */
		0BB9AF332A59EC5E008173AC /* Main.storyboard */ = {
			isa = PBXVariantGroup;
			children = (
				0BB9AF342A59EC5E008173AC /* Base */,
			);
			name = Main.storyboard;
			sourceTree = "<group>";
		};
		0BB9AF382A59EC5F008173AC /* LaunchScreen.storyboard */ = {
			isa = PBXVariantGroup;
			children = (
				0BB9AF392A59EC5F008173AC /* Base */,
			);
			name = LaunchScreen.storyboard;
			sourceTree = "<group>";
		};
/* End PBXVariantGroup section */

/* Begin XCBuildConfiguration section */
		0BB9AF3C2A59EC5F008173AC /* Debug */ = {
			isa = XCBuildConfiguration;
			buildSettings = {
				ALWAYS_SEARCH_USER_PATHS = NO;
				CLANG_ANALYZER_NONNULL = YES;
				CLANG_ANALYZER_NUMBER_OBJECT_CONVERSION = YES_AGGRESSIVE;
				CLANG_CXX_LANGUAGE_STANDARD = "gnu++20";
				CLANG_ENABLE_MODULES = YES;
				CLANG_ENABLE_OBJC_ARC = YES;
				CLANG_ENABLE_OBJC_WEAK = YES;
				CLANG_WARN_BLOCK_CAPTURE_AUTORELEASING = YES;
				CLANG_WARN_BOOL_CONVERSION = YES;
				CLANG_WARN_COMMA = YES;
				CLANG_WARN_CONSTANT_CONVERSION = YES;
				CLANG_WARN_DEPRECATED_OBJC_IMPLEMENTATIONS = YES;
				CLANG_WARN_DIRECT_OBJC_ISA_USAGE = YES_ERROR;
				CLANG_WARN_DOCUMENTATION_COMMENTS = YES;
				CLANG_WARN_EMPTY_BODY = YES;
				CLANG_WARN_ENUM_CONVERSION = YES;
				CLANG_WARN_INFINITE_RECURSION = YES;
				CLANG_WARN_INT_CONVERSION = YES;
				CLANG_WARN_NON_LITERAL_NULL_CONVERSION = YES;
				CLANG_WARN_OBJC_IMPLICIT_RETAIN_SELF = YES;
				CLANG_WARN_OBJC_LITERAL_CONVERSION = YES;
				CLANG_WARN_OBJC_ROOT_CLASS = YES_ERROR;
				CLANG_WARN_QUOTED_INCLUDE_IN_FRAMEWORK_HEADER = YES;
				CLANG_WARN_RANGE_LOOP_ANALYSIS = YES;
				CLANG_WARN_STRICT_PROTOTYPES = YES;
				CLANG_WARN_SUSPICIOUS_MOVE = YES;
				CLANG_WARN_UNGUARDED_AVAILABILITY = YES_AGGRESSIVE;
				CLANG_WARN_UNREACHABLE_CODE = YES;
				CLANG_WARN__DUPLICATE_METHOD_MATCH = YES;
				COPY_PHASE_STRIP = NO;
				DEBUG_INFORMATION_FORMAT = dwarf;
				ENABLE_STRICT_OBJC_MSGSEND = YES;
				ENABLE_TESTABILITY = YES;
				GCC_C_LANGUAGE_STANDARD = gnu11;
				GCC_DYNAMIC_NO_PIC = NO;
				GCC_NO_COMMON_BLOCKS = YES;
				GCC_OPTIMIZATION_LEVEL = 0;
				GCC_PREPROCESSOR_DEFINITIONS = (
					"DEBUG=1",
					"$(inherited)",
				);
				GCC_WARN_64_TO_32_BIT_CONVERSION = YES;
				GCC_WARN_ABOUT_RETURN_TYPE = YES_ERROR;
				GCC_WARN_UNDECLARED_SELECTOR = YES;
				GCC_WARN_UNINITIALIZED_AUTOS = YES_AGGRESSIVE;
				GCC_WARN_UNUSED_FUNCTION = YES;
				GCC_WARN_UNUSED_VARIABLE = YES;
				IPHONEOS_DEPLOYMENT_TARGET = 16.4;
				MTL_ENABLE_DEBUG_INFO = INCLUDE_SOURCE;
				MTL_FAST_MATH = YES;
				ONLY_ACTIVE_ARCH = YES;
				SDKROOT = iphoneos;
				SWIFT_ACTIVE_COMPILATION_CONDITIONS = DEBUG;
				SWIFT_OPTIMIZATION_LEVEL = "-Onone";
			};
			name = Debug;
		};
		0BB9AF3D2A59EC5F008173AC /* Release */ = {
			isa = XCBuildConfiguration;
			buildSettings = {
				ALWAYS_SEARCH_USER_PATHS = NO;
				CLANG_ANALYZER_NONNULL = YES;
				CLANG_ANALYZER_NUMBER_OBJECT_CONVERSION = YES_AGGRESSIVE;
				CLANG_CXX_LANGUAGE_STANDARD = "gnu++20";
				CLANG_ENABLE_MODULES = YES;
				CLANG_ENABLE_OBJC_ARC = YES;
				CLANG_ENABLE_OBJC_WEAK = YES;
				CLANG_WARN_BLOCK_CAPTURE_AUTORELEASING = YES;
				CLANG_WARN_BOOL_CONVERSION = YES;
				CLANG_WARN_COMMA = YES;
				CLANG_WARN_CONSTANT_CONVERSION = YES;
				CLANG_WARN_DEPRECATED_OBJC_IMPLEMENTATIONS = YES;
				CLANG_WARN_DIRECT_OBJC_ISA_USAGE = YES_ERROR;
				CLANG_WARN_DOCUMENTATION_COMMENTS = YES;
				CLANG_WARN_EMPTY_BODY = YES;
				CLANG_WARN_ENUM_CONVERSION = YES;
				CLANG_WARN_INFINITE_RECURSION = YES;
				CLANG_WARN_INT_CONVERSION = YES;
				CLANG_WARN_NON_LITERAL_NULL_CONVERSION = YES;
				CLANG_WARN_OBJC_IMPLICIT_RETAIN_SELF = YES;
				CLANG_WARN_OBJC_LITERAL_CONVERSION = YES;
				CLANG_WARN_OBJC_ROOT_CLASS = YES_ERROR;
				CLANG_WARN_QUOTED_INCLUDE_IN_FRAMEWORK_HEADER = YES;
				CLANG_WARN_RANGE_LOOP_ANALYSIS = YES;
				CLANG_WARN_STRICT_PROTOTYPES = YES;
				CLANG_WARN_SUSPICIOUS_MOVE = YES;
				CLANG_WARN_UNGUARDED_AVAILABILITY = YES_AGGRESSIVE;
				CLANG_WARN_UNREACHABLE_CODE = YES;
				CLANG_WARN__DUPLICATE_METHOD_MATCH = YES;
				COPY_PHASE_STRIP = NO;
				DEBUG_INFORMATION_FORMAT = "dwarf-with-dsym";
				ENABLE_NS_ASSERTIONS = NO;
				ENABLE_STRICT_OBJC_MSGSEND = YES;
				GCC_C_LANGUAGE_STANDARD = gnu11;
				GCC_NO_COMMON_BLOCKS = YES;
				GCC_WARN_64_TO_32_BIT_CONVERSION = YES;
				GCC_WARN_ABOUT_RETURN_TYPE = YES_ERROR;
				GCC_WARN_UNDECLARED_SELECTOR = YES;
				GCC_WARN_UNINITIALIZED_AUTOS = YES_AGGRESSIVE;
				GCC_WARN_UNUSED_FUNCTION = YES;
				GCC_WARN_UNUSED_VARIABLE = YES;
				IPHONEOS_DEPLOYMENT_TARGET = 16.4;
				MTL_ENABLE_DEBUG_INFO = NO;
				MTL_FAST_MATH = YES;
				SDKROOT = iphoneos;
				SWIFT_COMPILATION_MODE = wholemodule;
				SWIFT_OPTIMIZATION_LEVEL = "-O";
				VALIDATE_PRODUCT = YES;
			};
			name = Release;
		};
		0BB9AF3F2A59EC5F008173AC /* Debug */ = {
			isa = XCBuildConfiguration;
			buildSettings = {
				ASSETCATALOG_COMPILER_APPICON_NAME = AppIcon;
				ASSETCATALOG_COMPILER_GLOBAL_ACCENT_COLOR_NAME = AccentColor;
				CODE_SIGN_STYLE = Automatic;
				CURRENT_PROJECT_VERSION = 1;
				DEVELOPMENT_TEAM = TA8Z9YUBUM;
				GENERATE_INFOPLIST_FILE = YES;
				INFOPLIST_FILE = "MDEV1001-M2023-ICE7/Info.plist";
				INFOPLIST_KEY_UIApplicationSupportsIndirectInputEvents = YES;
				INFOPLIST_KEY_UILaunchStoryboardName = LaunchScreen;
				INFOPLIST_KEY_UIMainStoryboardFile = Main;
				INFOPLIST_KEY_UISupportedInterfaceOrientations_iPad = "UIInterfaceOrientationPortrait UIInterfaceOrientationPortraitUpsideDown UIInterfaceOrientationLandscapeLeft UIInterfaceOrientationLandscapeRight";
				INFOPLIST_KEY_UISupportedInterfaceOrientations_iPhone = "UIInterfaceOrientationPortrait UIInterfaceOrientationLandscapeLeft UIInterfaceOrientationLandscapeRight";
				LD_RUNPATH_SEARCH_PATHS = (
					"$(inherited)",
					"@executable_path/Frameworks",
				);
				MARKETING_VERSION = 1.0;
				PRODUCT_BUNDLE_IDENTIFIER = "ca.georgiancollege.MDEV1001-M2023-ICE7";
				PRODUCT_NAME = "$(TARGET_NAME)";
				SWIFT_EMIT_LOC_STRINGS = YES;
				SWIFT_VERSION = 5.0;
				TARGETED_DEVICE_FAMILY = "1,2";
			};
			name = Debug;
		};
		0BB9AF402A59EC5F008173AC /* Release */ = {
			isa = XCBuildConfiguration;
			buildSettings = {
				ASSETCATALOG_COMPILER_APPICON_NAME = AppIcon;
				ASSETCATALOG_COMPILER_GLOBAL_ACCENT_COLOR_NAME = AccentColor;
				CODE_SIGN_STYLE = Automatic;
				CURRENT_PROJECT_VERSION = 1;
				DEVELOPMENT_TEAM = TA8Z9YUBUM;
				GENERATE_INFOPLIST_FILE = YES;
				INFOPLIST_FILE = "MDEV1001-M2023-ICE7/Info.plist";
				INFOPLIST_KEY_UIApplicationSupportsIndirectInputEvents = YES;
				INFOPLIST_KEY_UILaunchStoryboardName = LaunchScreen;
				INFOPLIST_KEY_UIMainStoryboardFile = Main;
				INFOPLIST_KEY_UISupportedInterfaceOrientations_iPad = "UIInterfaceOrientationPortrait UIInterfaceOrientationPortraitUpsideDown UIInterfaceOrientationLandscapeLeft UIInterfaceOrientationLandscapeRight";
				INFOPLIST_KEY_UISupportedInterfaceOrientations_iPhone = "UIInterfaceOrientationPortrait UIInterfaceOrientationLandscapeLeft UIInterfaceOrientationLandscapeRight";
				LD_RUNPATH_SEARCH_PATHS = (
					"$(inherited)",
					"@executable_path/Frameworks",
				);
				MARKETING_VERSION = 1.0;
				PRODUCT_BUNDLE_IDENTIFIER = "ca.georgiancollege.MDEV1001-M2023-ICE7";
				PRODUCT_NAME = "$(TARGET_NAME)";
				SWIFT_EMIT_LOC_STRINGS = YES;
				SWIFT_VERSION = 5.0;
				TARGETED_DEVICE_FAMILY = "1,2";
			};
			name = Release;
		};
/* End XCBuildConfiguration section */

/* Begin XCConfigurationList section */
		0BB9AF252A59EC5E008173AC /* Build configuration list for PBXProject "MDEV1001-M2023-ICE7" */ = {
			isa = XCConfigurationList;
			buildConfigurations = (
				0BB9AF3C2A59EC5F008173AC /* Debug */,
				0BB9AF3D2A59EC5F008173AC /* Release */,
			);
			defaultConfigurationIsVisible = 0;
			defaultConfigurationName = Release;
		};
		0BB9AF3E2A59EC5F008173AC /* Build configuration list for PBXNativeTarget "MDEV1001-M2023-ICE7" */ = {
			isa = XCConfigurationList;
			buildConfigurations = (
				0BB9AF3F2A59EC5F008173AC /* Debug */,
				0BB9AF402A59EC5F008173AC /* Release */,
			);
			defaultConfigurationIsVisible = 0;
			defaultConfigurationName = Release;
		};
/* End XCConfigurationList section */
	};
	rootObject = 0BB9AF222A59EC5E008173AC /* Project object */;
}
